
Microsoft Visual Studio Solution File, Format Version 12.00
# Visual Studio Version 17
VisualStudioVersion = 17.3.32901.215
MinimumVisualStudioVersion = 10.0.40219.1
Project("{FAE04EC0-301F-11D3-BF4B-00C04F79EFBC}") = "Exec_Factorial", "Exec_Factorial\Exec_Factorial.csproj", "{765A8736-509F-4560-BBA3-3E7603268221}"
EndProject
Global
	GlobalSection(SolutionConfigurationPlatforms) = preSolution
		Debug|Any CPU = Debug|Any CPU
		Release|Any CPU = Release|Any CPU
	EndGlobalSection
	GlobalSection(ProjectConfigurationPlatforms) = postSolution
		{765A8736-509F-4560-BBA3-3E7603268221}.Debug|Any CPU.ActiveCfg = Debug|Any CPU
		{765A8736-509F-4560-BBA3-3E7603268221}.Debug|Any CPU.Build.0 = Debug|Any CPU
		{765A8736-509F-4560-BBA3-3E7603268221}.Release|Any CPU.ActiveCfg = Release|Any CPU
		{765A8736-509F-4560-BBA3-3E7603268221}.Release|Any CPU.Build.0 = Release|Any CPU
	EndGlobalSection
	GlobalSection(SolutionProperties) = preSolution
		HideSolutionNode = FALSE
	EndGlobalSection
	GlobalSection(ExtensibilityGlobals) = postSolution
		SolutionGuid = {6638D730-B587-4E5F-A364-919BFE153206}
	EndGlobalSection
EndGlobal
